# THIS IS AN AUTOGENERATED FILE. DO NOT EDIT THIS FILE DIRECTLY.
# yarn lockfile v1


"@vuepress/plugin-back-to-top@^1.0.0-alpha.0":
  version "1.0.0-alpha.0"
  resolved "http://registry.npm.taobao.org/@vuepress/plugin-back-to-top/download/@vuepress/plugin-back-to-top-1.0.0-alpha.0.tgz#401513b39d5dd081f49404c35ab6f51002c1cca0"
  dependencies:
    lodash.debounce "^4.0.8"

lodash.debounce@^4.0.8:
  version "4.0.8"
  resolved "http://registry.npm.taobao.org/lodash.debounce/download/lodash.debounce-4.0.8.tgz#82d79bff30a67c4005ffd5e2515300ad9ca4d7af"
